// !$*UTF8*$!
{
	archiveVersion = 1;
	classes = {
	};
	objectVersion = 56;
	objects = {

/* Begin PBXBuildFile section */
		0AAC86222F5C6215008A3AFC /* HistoryView.swift in Sources */ = {isa = PBXBuildFile; fileRef = 0AAC86212F5C6215008A3AFC /* HistoryView.swift */; };
		0AAC86242F5C6215008A3AFC /* LoRAView.swift in Sources */ = {isa = PBXBuildFile; fileRef = 0AAC86232F5C6215008A3AFC /* LoRAView.swift */; };
		0AAC86262F5C6216008A3AFC /* SettingsView.swift in Sources */ = {isa = PBXBuildFile; fileRef = 0AAC86252F5C6216008A3AFC /* SettingsView.swift */; };
		A100000001 /* LTXDesktopApp.swift in Sources */ = {isa = PBXBuildFile; fileRef = A200000001 /* LTXDesktopApp.swift */; };
		A100000002 /* ContentView.swift in Sources */ = {isa = PBXBuildFile; fileRef = A200000002 /* ContentView.swift */; };
		A100000003 /* ProcessManager.swift in Sources */ = {isa = PBXBuildFile; fileRef = A200000003 /* ProcessManager.swift */; };
		A100000004 /* BackendService.swift in Sources */ = {isa = PBXBuildFile; fileRef = A200000004 /* BackendService.swift */; };
		A100000005 /* GenerationView.swift in Sources */ = {isa = PBXBuildFile; fileRef = A200000005 /* GenerationView.swift */; };
		A100000006 /* GenerationViewModel.swift in Sources */ = {isa = PBXBuildFile; fileRef = A200000006 /* GenerationViewModel.swift */; };
		A100000007 /* GenerationJob.swift in Sources */ = {isa = PBXBuildFile; fileRef = A200000007 /* GenerationJob.swift */; };
		A100000008 /* MemoryStats.swift in Sources */ = {isa = PBXBuildFile; fileRef = A200000008 /* MemoryStats.swift */; };
		A100000009 /* Assets.xcassets in Resources */ = {isa = PBXBuildFile; fileRef = A200000009 /* Assets.xcassets */; };
/* End PBXBuildFile section */

/* Begin PBXFileReference section */
		0AAC86212F5C6215008A3AFC /* HistoryView.swift */ = {isa = PBXFileReference; lastKnownFileType = sourcecode.swift; path = HistoryView.swift; sourceTree = "<group>"; };
		0AAC86232F5C6215008A3AFC /* LoRAView.swift */ = {isa = PBXFileReference; lastKnownFileType = sourcecode.swift; path = LoRAView.swift; sourceTree = "<group>"; };
		0AAC86252F5C6216008A3AFC /* SettingsView.swift */ = {isa = PBXFileReference; lastKnownFileType = sourcecode.swift; path = SettingsView.swift; sourceTree = "<group>"; };
		A200000001 /* LTXDesktopApp.swift */ = {isa = PBXFileReference; lastKnownFileType = sourcecode.swift; path = LTXDesktopApp.swift; sourceTree = "<group>"; };
		A200000002 /* ContentView.swift */ = {isa = PBXFileReference; lastKnownFileType = sourcecode.swift; path = ContentView.swift; sourceTree = "<group>"; };
		A200000003 /* ProcessManager.swift */ = {isa = PBXFileReference; lastKnownFileType = sourcecode.swift; path = ProcessManager.swift; sourceTree = "<group>"; };
		A200000004 /* BackendService.swift */ = {isa = PBXFileReference; lastKnownFileType = sourcecode.swift; path = BackendService.swift; sourceTree = "<group>"; };
		A200000005 /* GenerationView.swift */ = {isa = PBXFileReference; lastKnownFileType = sourcecode.swift; path = GenerationView.swift; sourceTree = "<group>"; };
		A200000006 /* GenerationViewModel.swift */ = {isa = PBXFileReference; lastKnownFileType = sourcecode.swift; path = GenerationViewModel.swift; sourceTree = "<group>"; };
		A200000007 /* GenerationJob.swift */ = {isa = PBXFileReference; lastKnownFileType = sourcecode.swift; path = GenerationJob.swift; sourceTree = "<group>"; };
		A200000008 /* MemoryStats.swift */ = {isa = PBXFileReference; lastKnownFileType = sourcecode.swift; path = MemoryStats.swift; sourceTree = "<group>"; };
		A200000009 /* Assets.xcassets */ = {isa = PBXFileReference; lastKnownFileType = folder.assetcatalog; path = Assets.xcassets; sourceTree = "<group>"; };
		A20000000A /* LTXDesktop.app */ = {isa = PBXFileReference; explicitFileType = wrapper.application; includeInIndex = 0; path = LTXDesktop.app; sourceTree = BUILT_PRODUCTS_DIR; };
/* End PBXFileReference section */

/* Begin PBXFrameworksBuildPhase section */
		A300000001 /* Frameworks */ = {
			isa = PBXFrameworksBuildPhase;
			buildActionMask = 2147483647;
			files = (
			);
			runOnlyForDeploymentPostprocessing = 0;
		};
/* End PBXFrameworksBuildPhase section */

/* Begin PBXGroup section */
		A400000001 = {
			isa = PBXGroup;
			children = (
				A400000002 /* LTXDesktop */,
				A400000010 /* Products */,
			);
			sourceTree = "<group>";
		};
		A400000002 /* LTXDesktop */ = {
			isa = PBXGroup;
			children = (
				A200000001 /* LTXDesktopApp.swift */,
				A200000002 /* ContentView.swift */,
				A400000003 /* Views */,
				A400000004 /* ViewModels */,
				A400000005 /* Models */,
				A400000006 /* Services */,
				A400000007 /* Resources */,
			);
			path = LTXDesktop;
			sourceTree = "<group>";
		};
		A400000003 /* Views */ = {
			isa = PBXGroup;
			children = (
				A200000005 /* GenerationView.swift */,
				0AAC86212F5C6215008A3AFC /* HistoryView.swift */,
				0AAC86232F5C6215008A3AFC /* LoRAView.swift */,
				0AAC86252F5C6216008A3AFC /* SettingsView.swift */,
			);
			path = Views;
			sourceTree = "<group>";
		};
		A400000004 /* ViewModels */ = {
			isa = PBXGroup;
			children = (
				A200000006 /* GenerationViewModel.swift */,
			);
			path = ViewModels;
			sourceTree = "<group>";
		};
		A400000005 /* Models */ = {
			isa = PBXGroup;
			children = (
				A200000007 /* GenerationJob.swift */,
				A200000008 /* MemoryStats.swift */,
			);
			path = Models;
			sourceTree = "<group>";
		};
		A400000006 /* Services */ = {
			isa = PBXGroup;
			children = (
				A200000003 /* ProcessManager.swift */,
				A200000004 /* BackendService.swift */,
			);
			path = Services;
			sourceTree = "<group>";
		};
		A400000007 /* Resources */ = {
			isa = PBXGroup;
			children = (
				A200000009 /* Assets.xcassets */,
			);
			path = Resources;
			sourceTree = "<group>";
		};
		A400000010 /* Products */ = {
			isa = PBXGroup;
			children = (
				A20000000A /* LTXDesktop.app */,
			);
			name = Products;
			sourceTree = "<group>";
		};
/* End PBXGroup section */

/* Begin PBXNativeTarget section */
		A500000001 /* LTXDesktop */ = {
			isa = PBXNativeTarget;
			buildConfigurationList = A700000003 /* Build configuration list for PBXNativeTarget "LTXDesktop" */;
			buildPhases = (
				A600000001 /* Sources */,
				A300000001 /* Frameworks */,
				A600000002 /* Resources */,
			);
			buildRules = (
			);
			dependencies = (
			);
			name = LTXDesktop;
			productName = LTXDesktop;
			productReference = A20000000A /* LTXDesktop.app */;
			productType = "com.apple.product-type.application";
		};
/* End PBXNativeTarget section */

/* Begin PBXProject section */
		A800000001 /* Project object */ = {
			isa = PBXProject;
			attributes = {
				BuildIndependentTargetsInParallel = 1;
				LastSwiftUpdateCheck = 1600;
				LastUpgradeCheck = 1600;
				TargetAttributes = {
					A500000001 = {
						CreatedOnToolsVersion = 16.0;
					};
				};
			};
			buildConfigurationList = A700000001 /* Build configuration list for PBXProject "LTXDesktop" */;
			compatibilityVersion = "Xcode 14.0";
			developmentRegion = en;
			hasScannedForEncodings = 0;
			knownRegions = (
				en,
				Base,
			);
			mainGroup = A400000001;
			productRefGroup = A400000010 /* Products */;
			projectDirPath = "";
			projectRoot = "";
			targets = (
				A500000001 /* LTXDesktop */,
			);
		};
/* End PBXProject section */

/* Begin PBXResourcesBuildPhase section */
		A600000002 /* Resources */ = {
			isa = PBXResourcesBuildPhase;
			buildActionMask = 2147483647;
			files = (
				A100000009 /* Assets.xcassets in Resources */,
			);
			runOnlyForDeploymentPostprocessing = 0;
		};
/* End PBXResourcesBuildPhase section */

/* Begin PBXSourcesBuildPhase section */
		A600000001 /* Sources */ = {
			isa = PBXSourcesBuildPhase;
			buildActionMask = 2147483647;
			files = (
				A100000001 /* LTXDesktopApp.swift in Sources */,
				A100000002 /* ContentView.swift in Sources */,
				A100000003 /* ProcessManager.swift in Sources */,
				A100000004 /* BackendService.swift in Sources */,
				A100000005 /* GenerationView.swift in Sources */,
				A100000006 /* GenerationViewModel.swift in Sources */,
				0AAC86242F5C6215008A3AFC /* LoRAView.swift in Sources */,
				A100000007 /* GenerationJob.swift in Sources */,
				0AAC86222F5C6215008A3AFC /* HistoryView.swift in Sources */,
				A100000008 /* MemoryStats.swift in Sources */,
				0AAC86262F5C6216008A3AFC /* SettingsView.swift in Sources */,
			);
			runOnlyForDeploymentPostprocessing = 0;
		};
/* End PBXSourcesBuildPhase section */

/* Begin XCBuildConfiguration section */
		A700000002 /* Debug */ = {
			isa = XCBuildConfiguration;
			buildSettings = {
				ALWAYS_SEARCH_USER_PATHS = NO;
				ASSETCATALOG_COMPILER_GENERATE_SWIFT_ASSET_SYMBOL_EXTENSIONS = YES;
				CLANG_ANALYZER_NONNULL = YES;
				CLANG_CXX_LANGUAGE_STANDARD = "gnu++20";
				CLANG_ENABLE_MODULES = YES;
				CLANG_ENABLE_OBJC_ARC = YES;
				COPY_PHASE_STRIP = NO;
				DEBUG_INFORMATION_FORMAT = dwarf;
				ENABLE_STRICT_OBJC_MSGSEND = YES;
				ENABLE_TESTABILITY = YES;
				GCC_DYNAMIC_NO_PIC = NO;
				GCC_OPTIMIZATION_LEVEL = 0;
				GCC_PREPROCESSOR_DEFINITIONS = (
					"DEBUG=1",
					"$(inherited)",
				);
				GCC_WARN_ABOUT_RETURN_TYPE = YES_ERROR;
				GCC_WARN_UNINITIALIZED_AUTOS = YES_AGGRESSIVE;
				MACOSX_DEPLOYMENT_TARGET = 14.0;
				MTL_ENABLE_DEBUG_INFO = INCLUDE_SOURCE;
				ONLY_ACTIVE_ARCH = YES;
				SDKROOT = macosx;
				SWIFT_ACTIVE_COMPILATION_CONDITIONS = "$(inherited) DEBUG";
				SWIFT_OPTIMIZATION_LEVEL = "-Onone";
			};
			name = Debug;
		};
		A700000004 /* Release */ = {
			isa = XCBuildConfiguration;
			buildSettings = {
				ALWAYS_SEARCH_USER_PATHS = NO;
				ASSETCATALOG_COMPILER_GENERATE_SWIFT_ASSET_SYMBOL_EXTENSIONS = YES;
				CLANG_ANALYZER_NONNULL = YES;
				CLANG_CXX_LANGUAGE_STANDARD = "gnu++20";
				CLANG_ENABLE_MODULES = YES;
				CLANG_ENABLE_OBJC_ARC = YES;
				COPY_PHASE_STRIP = NO;
				DEBUG_INFORMATION_FORMAT = "dwarf-with-dsym";
				ENABLE_NS_ASSERTIONS = NO;
				ENABLE_STRICT_OBJC_MSGSEND = YES;
				GCC_WARN_ABOUT_RETURN_TYPE = YES_ERROR;
				GCC_WARN_UNINITIALIZED_AUTOS = YES_AGGRESSIVE;
				MACOSX_DEPLOYMENT_TARGET = 14.0;
				SDKROOT = macosx;
				SWIFT_COMPILATION_MODE = wholemodule;
			};
			name = Release;
		};
		A700000005 /* Debug */ = {
			isa = XCBuildConfiguration;
			buildSettings = {
				ASSETCATALOG_COMPILER_APPICON_NAME = AppIcon;
				CODE_SIGN_ENTITLEMENTS = "";
				"CODE_SIGN_IDENTITY[sdk=macosx*]" = "-";
				CODE_SIGN_STYLE = Automatic;
				COMBINE_HIDPI_IMAGES = YES;
				CURRENT_PROJECT_VERSION = 1;
				DEVELOPMENT_TEAM = "";
				ENABLE_HARDENED_RUNTIME = NO;
				GENERATE_INFOPLIST_FILE = YES;
				INFOPLIST_KEY_LSApplicationCategoryType = "public.app-category.video";
				INFOPLIST_KEY_NSHumanReadableCopyright = "Copyright © 2026. All rights reserved.";
				MARKETING_VERSION = 0.1.0;
				PRODUCT_BUNDLE_IDENTIFIER = com.ltxdesktop.macos;
				PRODUCT_NAME = "$(TARGET_NAME)";
				SWIFT_EMIT_LOC_STRINGS = YES;
				SWIFT_VERSION = 5.0;
			};
			name = Debug;
		};
		A700000006 /* Release */ = {
			isa = XCBuildConfiguration;
			buildSettings = {
				ASSETCATALOG_COMPILER_APPICON_NAME = AppIcon;
				CODE_SIGN_ENTITLEMENTS = "";
				"CODE_SIGN_IDENTITY[sdk=macosx*]" = "-";
				CODE_SIGN_STYLE = Automatic;
				COMBINE_HIDPI_IMAGES = YES;
				CURRENT_PROJECT_VERSION = 1;
				DEVELOPMENT_TEAM = "";
				ENABLE_HARDENED_RUNTIME = NO;
				GENERATE_INFOPLIST_FILE = YES;
				INFOPLIST_KEY_LSApplicationCategoryType = "public.app-category.video";
				INFOPLIST_KEY_NSHumanReadableCopyright = "Copyright © 2026. All rights reserved.";
				MARKETING_VERSION = 0.1.0;
				PRODUCT_BUNDLE_IDENTIFIER = com.ltxdesktop.macos;
				PRODUCT_NAME = "$(TARGET_NAME)";
				SWIFT_EMIT_LOC_STRINGS = YES;
				SWIFT_VERSION = 5.0;
			};
			name = Release;
		};
/* End XCBuildConfiguration section */

/* Begin XCConfigurationList section */
		A700000001 /* Build configuration list for PBXProject "LTXDesktop" */ = {
			isa = XCConfigurationList;
			buildConfigurations = (
				A700000002 /* Debug */,
				A700000004 /* Release */,
			);
			defaultConfigurationIsVisible = 0;
			defaultConfigurationName = Release;
		};
		A700000003 /* Build configuration list for PBXNativeTarget "LTXDesktop" */ = {
			isa = XCConfigurationList;
			buildConfigurations = (
				A700000005 /* Debug */,
				A700000006 /* Release */,
			);
			defaultConfigurationIsVisible = 0;
			defaultConfigurationName = Release;
		};
/* End XCConfigurationList section */
	};
	rootObject = A800000001 /* Project object */;
}
